
Microsoft Visual Studio Solution File, Format Version 12.00
# Visual Studio Version 16
VisualStudioVersion = 16.0.30503.244
MinimumVisualStudioVersion = 10.0.40219.1
Project("{FAE04EC0-301F-11D3-BF4B-00C04F79EFBC}") = "ExampleApp", "ExampleApp.csproj", "{8D33B67A-67C1-4998-A59D-AE41E86EE3BA}"
EndProject
Global
	GlobalSection(SolutionConfigurationPlatforms) = preSolution
		Debug|Any CPU = Debug|Any CPU
		Release|Any CPU = Release|Any CPU
	EndGlobalSection
	GlobalSection(ProjectConfigurationPlatforms) = postSolution
		{8D33B67A-67C1-4998-A59D-AE41E86EE3BA}.Debug|Any CPU.ActiveCfg = Debug|Any CPU
		{8D33B67A-67C1-4998-A59D-AE41E86EE3BA}.Debug|Any CPU.Build.0 = Debug|Any CPU
		{8D33B67A-67C1-4998-A59D-AE41E86EE3BA}.Release|Any CPU.ActiveCfg = Release|Any CPU
		{8D33B67A-67C1-4998-A59D-AE41E86EE3BA}.Release|Any CPU.Build.0 = Release|Any CPU
	EndGlobalSection
	GlobalSection(SolutionProperties) = preSolution
		HideSolutionNode = FALSE
	EndGlobalSection
	GlobalSection(ExtensibilityGlobals) = postSolution
		SolutionGuid = {79056F23-38F8-43B2-B996-035FFFF3ACF6}
	EndGlobalSection
EndGlobal
